
Microsoft Visual Studio Solution File, Format Version 12.00
# Visual Studio 15
Project("{FAE04EC0-301F-11D3-BF4B-00C04F79EFBC}") = "MobileTestSyncF", "MobileTestSyncF\MobileTestSyncF.csproj", "{72E8BB7B-1EB0-4422-A591-1F620DAE19BF}"
EndProject
Project("{FAE04EC0-301F-11D3-BF4B-00C04F79EFBC}") = "MobileTestSyncF.iOS", "MobileTestSyncF.iOS\MobileTestSyncF.iOS.csproj", "{17A917CD-44F0-407B-9C48-1BEE74BCE42B}"
EndProject
Project("{FAE04EC0-301F-11D3-BF4B-00C04F79EFBC}") = "MobileTestSyncF.Android", "MobileTestSyncF.Android\MobileTestSyncF.Android.csproj", "{5216BC29-14C8-4944-8D3B-E0EB7A1BFDFD}"
EndProject
Global
	GlobalSection(SolutionConfigurationPlatforms) = preSolution
		Debug|Any CPU = Debug|Any CPU
		Release|Any CPU = Release|Any CPU
		Debug|iPhoneSimulator = Debug|iPhoneSimulator
		Release|iPhoneSimulator = Release|iPhoneSimulator
		Debug|iPhone = Debug|iPhone
		Release|iPhone = Release|iPhone
	EndGlobalSection
	GlobalSection(ProjectConfigurationPlatforms) = postSolution
		{72E8BB7B-1EB0-4422-A591-1F620DAE19BF}.Debug|Any CPU.ActiveCfg = Debug|Any CPU
		{72E8BB7B-1EB0-4422-A591-1F620DAE19BF}.Debug|Any CPU.Build.0 = Debug|Any CPU
		{72E8BB7B-1EB0-4422-A591-1F620DAE19BF}.Release|Any CPU.ActiveCfg = Release|Any CPU
		{72E8BB7B-1EB0-4422-A591-1F620DAE19BF}.Release|Any CPU.Build.0 = Release|Any CPU
		{72E8BB7B-1EB0-4422-A591-1F620DAE19BF}.Debug|iPhoneSimulator.ActiveCfg = Debug|Any CPU
		{72E8BB7B-1EB0-4422-A591-1F620DAE19BF}.Debug|iPhoneSimulator.Build.0 = Debug|Any CPU
		{72E8BB7B-1EB0-4422-A591-1F620DAE19BF}.Release|iPhoneSimulator.ActiveCfg = Release|Any CPU
		{72E8BB7B-1EB0-4422-A591-1F620DAE19BF}.Release|iPhoneSimulator.Build.0 = Release|Any CPU
		{72E8BB7B-1EB0-4422-A591-1F620DAE19BF}.Debug|iPhone.ActiveCfg = Debug|Any CPU
		{72E8BB7B-1EB0-4422-A591-1F620DAE19BF}.Debug|iPhone.Build.0 = Debug|Any CPU
		{72E8BB7B-1EB0-4422-A591-1F620DAE19BF}.Release|iPhone.ActiveCfg = Release|Any CPU
		{72E8BB7B-1EB0-4422-A591-1F620DAE19BF}.Release|iPhone.Build.0 = Release|Any CPU
		{17A917CD-44F0-407B-9C48-1BEE74BCE42B}.Debug|Any CPU.ActiveCfg = Debug|iPhoneSimulator
		{17A917CD-44F0-407B-9C48-1BEE74BCE42B}.Debug|Any CPU.Build.0 = Debug|iPhoneSimulator
		{17A917CD-44F0-407B-9C48-1BEE74BCE42B}.Release|Any CPU.ActiveCfg = Release|iPhoneSimulator
		{17A917CD-44F0-407B-9C48-1BEE74BCE42B}.Release|Any CPU.Build.0 = Release|iPhoneSimulator
		{17A917CD-44F0-407B-9C48-1BEE74BCE42B}.Debug|iPhoneSimulator.ActiveCfg = Debug|iPhoneSimulator
		{17A917CD-44F0-407B-9C48-1BEE74BCE42B}.Debug|iPhoneSimulator.Build.0 = Debug|iPhoneSimulator
		{17A917CD-44F0-407B-9C48-1BEE74BCE42B}.Release|iPhoneSimulator.ActiveCfg = Release|iPhoneSimulator
		{17A917CD-44F0-407B-9C48-1BEE74BCE42B}.Release|iPhoneSimulator.Build.0 = Release|iPhoneSimulator
		{17A917CD-44F0-407B-9C48-1BEE74BCE42B}.Debug|iPhone.ActiveCfg = Debug|iPhone
		{17A917CD-44F0-407B-9C48-1BEE74BCE42B}.Debug|iPhone.Build.0 = Debug|iPhone
		{17A917CD-44F0-407B-9C48-1BEE74BCE42B}.Release|iPhone.ActiveCfg = Release|iPhone
		{17A917CD-44F0-407B-9C48-1BEE74BCE42B}.Release|iPhone.Build.0 = Release|iPhone
		{5216BC29-14C8-4944-8D3B-E0EB7A1BFDFD}.Debug|Any CPU.ActiveCfg = Debug|Any CPU
		{5216BC29-14C8-4944-8D3B-E0EB7A1BFDFD}.Debug|Any CPU.Build.0 = Debug|Any CPU
		{5216BC29-14C8-4944-8D3B-E0EB7A1BFDFD}.Release|Any CPU.ActiveCfg = Release|Any CPU
		{5216BC29-14C8-4944-8D3B-E0EB7A1BFDFD}.Release|Any CPU.Build.0 = Release|Any CPU
		{5216BC29-14C8-4944-8D3B-E0EB7A1BFDFD}.Debug|iPhoneSimulator.ActiveCfg = Debug|Any CPU
		{5216BC29-14C8-4944-8D3B-E0EB7A1BFDFD}.Debug|iPhoneSimulator.Build.0 = Debug|Any CPU
		{5216BC29-14C8-4944-8D3B-E0EB7A1BFDFD}.Release|iPhoneSimulator.ActiveCfg = Release|Any CPU
		{5216BC29-14C8-4944-8D3B-E0EB7A1BFDFD}.Release|iPhoneSimulator.Build.0 = Release|Any CPU
		{5216BC29-14C8-4944-8D3B-E0EB7A1BFDFD}.Debug|iPhone.ActiveCfg = Debug|Any CPU
		{5216BC29-14C8-4944-8D3B-E0EB7A1BFDFD}.Debug|iPhone.Build.0 = Debug|Any CPU
		{5216BC29-14C8-4944-8D3B-E0EB7A1BFDFD}.Release|iPhone.ActiveCfg = Release|Any CPU
		{5216BC29-14C8-4944-8D3B-E0EB7A1BFDFD}.Release|iPhone.Build.0 = Release|Any CPU
	EndGlobalSection
EndGlobal
