
Microsoft Visual Studio Solution File, Format Version 12.00
# Visual Studio 15
Project("{FAE04EC0-301F-11D3-BF4B-00C04F79EFBC}") = "MobileTest.Android", "MobileTest.Android\MobileTest.Android.csproj", "{8E5394A9-AB68-4488-9DC9-0222785A5214}"
EndProject
Project("{FAE04EC0-301F-11D3-BF4B-00C04F79EFBC}") = "MobileTest.iOS", "MobileTest.iOS\MobileTest.iOS.csproj", "{87F07735-3491-4825-8AAF-ABA1A74EDB1A}"
EndProject
Project("{FAE04EC0-301F-11D3-BF4B-00C04F79EFBC}") = "MobileTest", "MobileTest\MobileTest.csproj", "{E7F78D68-CD12-4BED-B29B-EAD4800C0A6A}"
EndProject
Global
	GlobalSection(SolutionConfigurationPlatforms) = preSolution
		Debug|Any CPU = Debug|Any CPU
		Release|Any CPU = Release|Any CPU
		Debug|iPhoneSimulator = Debug|iPhoneSimulator
		Release|iPhoneSimulator = Release|iPhoneSimulator
		Debug|iPhone = Debug|iPhone
		Release|iPhone = Release|iPhone
	EndGlobalSection
	GlobalSection(ProjectConfigurationPlatforms) = postSolution
		{8E5394A9-AB68-4488-9DC9-0222785A5214}.Debug|Any CPU.ActiveCfg = Debug|Any CPU
		{8E5394A9-AB68-4488-9DC9-0222785A5214}.Debug|Any CPU.Build.0 = Debug|Any CPU
		{8E5394A9-AB68-4488-9DC9-0222785A5214}.Release|Any CPU.ActiveCfg = Release|Any CPU
		{8E5394A9-AB68-4488-9DC9-0222785A5214}.Release|Any CPU.Build.0 = Release|Any CPU
		{8E5394A9-AB68-4488-9DC9-0222785A5214}.Debug|iPhoneSimulator.ActiveCfg = Debug|Any CPU
		{8E5394A9-AB68-4488-9DC9-0222785A5214}.Debug|iPhoneSimulator.Build.0 = Debug|Any CPU
		{8E5394A9-AB68-4488-9DC9-0222785A5214}.Release|iPhoneSimulator.ActiveCfg = Release|Any CPU
		{8E5394A9-AB68-4488-9DC9-0222785A5214}.Release|iPhoneSimulator.Build.0 = Release|Any CPU
		{8E5394A9-AB68-4488-9DC9-0222785A5214}.Debug|iPhone.ActiveCfg = Debug|Any CPU
		{8E5394A9-AB68-4488-9DC9-0222785A5214}.Debug|iPhone.Build.0 = Debug|Any CPU
		{8E5394A9-AB68-4488-9DC9-0222785A5214}.Release|iPhone.ActiveCfg = Release|Any CPU
		{8E5394A9-AB68-4488-9DC9-0222785A5214}.Release|iPhone.Build.0 = Release|Any CPU
		{87F07735-3491-4825-8AAF-ABA1A74EDB1A}.Debug|Any CPU.ActiveCfg = Debug|iPhoneSimulator
		{87F07735-3491-4825-8AAF-ABA1A74EDB1A}.Debug|Any CPU.Build.0 = Debug|iPhoneSimulator
		{87F07735-3491-4825-8AAF-ABA1A74EDB1A}.Release|Any CPU.ActiveCfg = Release|iPhoneSimulator
		{87F07735-3491-4825-8AAF-ABA1A74EDB1A}.Release|Any CPU.Build.0 = Release|iPhoneSimulator
		{87F07735-3491-4825-8AAF-ABA1A74EDB1A}.Debug|iPhoneSimulator.ActiveCfg = Debug|iPhoneSimulator
		{87F07735-3491-4825-8AAF-ABA1A74EDB1A}.Debug|iPhoneSimulator.Build.0 = Debug|iPhoneSimulator
		{87F07735-3491-4825-8AAF-ABA1A74EDB1A}.Release|iPhoneSimulator.ActiveCfg = Release|iPhoneSimulator
		{87F07735-3491-4825-8AAF-ABA1A74EDB1A}.Release|iPhoneSimulator.Build.0 = Release|iPhoneSimulator
		{87F07735-3491-4825-8AAF-ABA1A74EDB1A}.Debug|iPhone.ActiveCfg = Debug|iPhone
		{87F07735-3491-4825-8AAF-ABA1A74EDB1A}.Debug|iPhone.Build.0 = Debug|iPhone
		{87F07735-3491-4825-8AAF-ABA1A74EDB1A}.Release|iPhone.ActiveCfg = Release|iPhone
		{87F07735-3491-4825-8AAF-ABA1A74EDB1A}.Release|iPhone.Build.0 = Release|iPhone
		{E7F78D68-CD12-4BED-B29B-EAD4800C0A6A}.Debug|Any CPU.ActiveCfg = Debug|Any CPU
		{E7F78D68-CD12-4BED-B29B-EAD4800C0A6A}.Debug|Any CPU.Build.0 = Debug|Any CPU
		{E7F78D68-CD12-4BED-B29B-EAD4800C0A6A}.Release|Any CPU.ActiveCfg = Release|Any CPU
		{E7F78D68-CD12-4BED-B29B-EAD4800C0A6A}.Release|Any CPU.Build.0 = Release|Any CPU
		{E7F78D68-CD12-4BED-B29B-EAD4800C0A6A}.Debug|iPhoneSimulator.ActiveCfg = Debug|Any CPU
		{E7F78D68-CD12-4BED-B29B-EAD4800C0A6A}.Debug|iPhoneSimulator.Build.0 = Debug|Any CPU
		{E7F78D68-CD12-4BED-B29B-EAD4800C0A6A}.Release|iPhoneSimulator.ActiveCfg = Release|Any CPU
		{E7F78D68-CD12-4BED-B29B-EAD4800C0A6A}.Release|iPhoneSimulator.Build.0 = Release|Any CPU
		{E7F78D68-CD12-4BED-B29B-EAD4800C0A6A}.Debug|iPhone.ActiveCfg = Debug|Any CPU
		{E7F78D68-CD12-4BED-B29B-EAD4800C0A6A}.Debug|iPhone.Build.0 = Debug|Any CPU
		{E7F78D68-CD12-4BED-B29B-EAD4800C0A6A}.Release|iPhone.ActiveCfg = Release|Any CPU
		{E7F78D68-CD12-4BED-B29B-EAD4800C0A6A}.Release|iPhone.Build.0 = Release|Any CPU
	EndGlobalSection
EndGlobal
